
Microsoft Visual Studio Solution File, Format Version 12.00
# Visual Studio 14
VisualStudioVersion = 14.0.25420.1
MinimumVisualStudioVersion = 10.0.40219.1
Project("{FAE04EC0-301F-11D3-BF4B-00C04F79EFBC}") = "Dominio", "Dominio\Dominio.csproj", "{777D8E88-0D52-446A-BC77-2F50A7D936E5}"
EndProject
Project("{FAE04EC0-301F-11D3-BF4B-00C04F79EFBC}") = "Data", "Data\Data.csproj", "{A75EC76C-9ABF-4890-B82B-D8A048E6B7C5}"
EndProject
Project("{FAE04EC0-301F-11D3-BF4B-00C04F79EFBC}") = "SgqSystem", "SgqSystem\SgqSystem.csproj", "{EF4A17A1-123E-4FC4-A75E-35ABBC39DB21}"
EndProject
Project("{FAE04EC0-301F-11D3-BF4B-00C04F79EFBC}") = "CrossCutting", "CrossCutting\CrossCutting.csproj", "{0896BC38-DF38-4E39-ADF9-DB1F9910BFE6}"
EndProject
Project("{FAE04EC0-301F-11D3-BF4B-00C04F79EFBC}") = "DTO", "DTO\DTO.csproj", "{0ED5466D-2A8F-4E37-8D4A-C2F2760BD687}"
EndProject
Project("{2150E333-8FDC-42A3-9474-1A3956D46DE8}") = "0 - Presentation", "0 - Presentation", "{EA53B2C1-DA5F-46EC-B4AC-4B4D63AE84E5}"
EndProject
Project("{2150E333-8FDC-42A3-9474-1A3956D46DE8}") = "1 - Infra", "1 - Infra", "{A9B14F0F-0651-4B4E-8A2F-E26D95018D98}"
EndProject
Project("{2150E333-8FDC-42A3-9474-1A3956D46DE8}") = "2 - Domain", "2 - Domain", "{C1002FDC-28A0-4D38-B2AD-1F3E1D580629}"
EndProject
Project("{2150E333-8FDC-42A3-9474-1A3956D46DE8}") = "3 - Data", "3 - Data", "{A61C94BE-8062-48DE-A2BA-E314B4C9E7C4}"
EndProject
Project("{FAE04EC0-301F-11D3-BF4B-00C04F79EFBC}") = "Helper", "Helper\Helper.csproj", "{026EFA70-BD6D-46C8-BD94-D7FCD42B9692}"
EndProject
Project("{2150E333-8FDC-42A3-9474-1A3956D46DE8}") = "4 - External", "4 - External", "{47BC8AC9-EDCB-4B88-8FE2-A03D7863E800}"
EndProject
Project("{2150E333-8FDC-42A3-9474-1A3956D46DE8}") = "5 - PlanoAcao", "5 - PlanoAcao", "{716C9494-D29A-4CB7-AC2A-D6303127A795}"
EndProject
Project("{FAE04EC0-301F-11D3-BF4B-00C04F79EFBC}") = "PlanoAcaoCore", "PlanoAcaoCore\PlanoAcaoCore.csproj", "{9F15CCA3-EC01-46B6-91EC-3F408E7417BC}"
EndProject
Project("{FAE04EC0-301F-11D3-BF4B-00C04F79EFBC}") = "PlanoDeAcaoMVC", "PlanoDeAcaoMVC\PlanoDeAcaoMVC.csproj", "{7A5187D4-41B3-4077-A7DB-D1B3668E071C}"
EndProject
Project("{FAE04EC0-301F-11D3-BF4B-00C04F79EFBC}") = "ADOFactory", "ADOFactory\ADOFactory.csproj", "{31925FCA-E0F6-428D-9A7D-59CA8879D6F8}"
EndProject
Project("{2150E333-8FDC-42A3-9474-1A3956D46DE8}") = "6 - Manutencao", "6 - Manutencao", "{3D2FBC6D-142A-44DA-844B-D6EFCDA7C7FA}"
EndProject
Project("{FAE04EC0-301F-11D3-BF4B-00C04F79EFBC}") = "PlanoAcaoEF", "PlanoAcaoEF\PlanoAcaoEF.csproj", "{2901B555-2F1A-4B5A-BE9D-1D50844E0F2A}"
EndProject
Project("{FAE04EC0-301F-11D3-BF4B-00C04F79EFBC}") = "YTOARA_DOMINIO", "YTOARA_DOMINIO\YTOARA_DOMINIO.csproj", "{02CFB056-37CE-40F2-8790-0D47BC6D2B59}"
EndProject
Project("{FAE04EC0-301F-11D3-BF4B-00C04F79EFBC}") = "SgqSystem.Tests", "SgqSystem.Tests\SgqSystem.Tests.csproj", "{7214EE4F-5B17-42A6-9387-0B0BE979E08D}"
EndProject
Global
	GlobalSection(SolutionConfigurationPlatforms) = preSolution
		Debug|Any CPU = Debug|Any CPU
		Release|Any CPU = Release|Any CPU
	EndGlobalSection
	GlobalSection(ProjectConfigurationPlatforms) = postSolution
		{777D8E88-0D52-446A-BC77-2F50A7D936E5}.Debug|Any CPU.ActiveCfg = Debug|Any CPU
		{777D8E88-0D52-446A-BC77-2F50A7D936E5}.Debug|Any CPU.Build.0 = Debug|Any CPU
		{777D8E88-0D52-446A-BC77-2F50A7D936E5}.Release|Any CPU.ActiveCfg = Release|Any CPU
		{777D8E88-0D52-446A-BC77-2F50A7D936E5}.Release|Any CPU.Build.0 = Release|Any CPU
		{A75EC76C-9ABF-4890-B82B-D8A048E6B7C5}.Debug|Any CPU.ActiveCfg = Debug|Any CPU
		{A75EC76C-9ABF-4890-B82B-D8A048E6B7C5}.Debug|Any CPU.Build.0 = Debug|Any CPU
		{A75EC76C-9ABF-4890-B82B-D8A048E6B7C5}.Release|Any CPU.ActiveCfg = Release|Any CPU
		{A75EC76C-9ABF-4890-B82B-D8A048E6B7C5}.Release|Any CPU.Build.0 = Release|Any CPU
		{EF4A17A1-123E-4FC4-A75E-35ABBC39DB21}.Debug|Any CPU.ActiveCfg = Debug|Any CPU
		{EF4A17A1-123E-4FC4-A75E-35ABBC39DB21}.Debug|Any CPU.Build.0 = Debug|Any CPU
		{EF4A17A1-123E-4FC4-A75E-35ABBC39DB21}.Release|Any CPU.ActiveCfg = Release|Any CPU
		{EF4A17A1-123E-4FC4-A75E-35ABBC39DB21}.Release|Any CPU.Build.0 = Release|Any CPU
		{0896BC38-DF38-4E39-ADF9-DB1F9910BFE6}.Debug|Any CPU.ActiveCfg = Debug|Any CPU
		{0896BC38-DF38-4E39-ADF9-DB1F9910BFE6}.Debug|Any CPU.Build.0 = Debug|Any CPU
		{0896BC38-DF38-4E39-ADF9-DB1F9910BFE6}.Release|Any CPU.ActiveCfg = Release|Any CPU
		{0896BC38-DF38-4E39-ADF9-DB1F9910BFE6}.Release|Any CPU.Build.0 = Release|Any CPU
		{0ED5466D-2A8F-4E37-8D4A-C2F2760BD687}.Debug|Any CPU.ActiveCfg = Debug|Any CPU
		{0ED5466D-2A8F-4E37-8D4A-C2F2760BD687}.Debug|Any CPU.Build.0 = Debug|Any CPU
		{0ED5466D-2A8F-4E37-8D4A-C2F2760BD687}.Release|Any CPU.ActiveCfg = Release|Any CPU
		{0ED5466D-2A8F-4E37-8D4A-C2F2760BD687}.Release|Any CPU.Build.0 = Release|Any CPU
		{026EFA70-BD6D-46C8-BD94-D7FCD42B9692}.Debug|Any CPU.ActiveCfg = Debug|Any CPU
		{026EFA70-BD6D-46C8-BD94-D7FCD42B9692}.Debug|Any CPU.Build.0 = Debug|Any CPU
		{026EFA70-BD6D-46C8-BD94-D7FCD42B9692}.Release|Any CPU.ActiveCfg = Release|Any CPU
		{026EFA70-BD6D-46C8-BD94-D7FCD42B9692}.Release|Any CPU.Build.0 = Release|Any CPU
		{9F15CCA3-EC01-46B6-91EC-3F408E7417BC}.Debug|Any CPU.ActiveCfg = Debug|Any CPU
		{9F15CCA3-EC01-46B6-91EC-3F408E7417BC}.Debug|Any CPU.Build.0 = Debug|Any CPU
		{9F15CCA3-EC01-46B6-91EC-3F408E7417BC}.Release|Any CPU.ActiveCfg = Release|Any CPU
		{9F15CCA3-EC01-46B6-91EC-3F408E7417BC}.Release|Any CPU.Build.0 = Release|Any CPU
		{7A5187D4-41B3-4077-A7DB-D1B3668E071C}.Debug|Any CPU.ActiveCfg = Debug|Any CPU
		{7A5187D4-41B3-4077-A7DB-D1B3668E071C}.Debug|Any CPU.Build.0 = Debug|Any CPU
		{7A5187D4-41B3-4077-A7DB-D1B3668E071C}.Release|Any CPU.ActiveCfg = Release|Any CPU
		{7A5187D4-41B3-4077-A7DB-D1B3668E071C}.Release|Any CPU.Build.0 = Release|Any CPU
		{31925FCA-E0F6-428D-9A7D-59CA8879D6F8}.Debug|Any CPU.ActiveCfg = Debug|Any CPU
		{31925FCA-E0F6-428D-9A7D-59CA8879D6F8}.Debug|Any CPU.Build.0 = Debug|Any CPU
		{31925FCA-E0F6-428D-9A7D-59CA8879D6F8}.Release|Any CPU.ActiveCfg = Release|Any CPU
		{31925FCA-E0F6-428D-9A7D-59CA8879D6F8}.Release|Any CPU.Build.0 = Release|Any CPU
		{2901B555-2F1A-4B5A-BE9D-1D50844E0F2A}.Debug|Any CPU.ActiveCfg = Debug|Any CPU
		{2901B555-2F1A-4B5A-BE9D-1D50844E0F2A}.Debug|Any CPU.Build.0 = Debug|Any CPU
		{2901B555-2F1A-4B5A-BE9D-1D50844E0F2A}.Release|Any CPU.ActiveCfg = Release|Any CPU
		{2901B555-2F1A-4B5A-BE9D-1D50844E0F2A}.Release|Any CPU.Build.0 = Release|Any CPU
		{02CFB056-37CE-40F2-8790-0D47BC6D2B59}.Debug|Any CPU.ActiveCfg = Debug|Any CPU
		{02CFB056-37CE-40F2-8790-0D47BC6D2B59}.Debug|Any CPU.Build.0 = Debug|Any CPU
		{02CFB056-37CE-40F2-8790-0D47BC6D2B59}.Release|Any CPU.ActiveCfg = Release|Any CPU
		{02CFB056-37CE-40F2-8790-0D47BC6D2B59}.Release|Any CPU.Build.0 = Release|Any CPU
		{7214EE4F-5B17-42A6-9387-0B0BE979E08D}.Debug|Any CPU.ActiveCfg = Debug|Any CPU
		{7214EE4F-5B17-42A6-9387-0B0BE979E08D}.Debug|Any CPU.Build.0 = Debug|Any CPU
		{7214EE4F-5B17-42A6-9387-0B0BE979E08D}.Release|Any CPU.ActiveCfg = Release|Any CPU
		{7214EE4F-5B17-42A6-9387-0B0BE979E08D}.Release|Any CPU.Build.0 = Release|Any CPU
	EndGlobalSection
	GlobalSection(SolutionProperties) = preSolution
		HideSolutionNode = FALSE
	EndGlobalSection
	GlobalSection(NestedProjects) = preSolution
		{777D8E88-0D52-446A-BC77-2F50A7D936E5} = {C1002FDC-28A0-4D38-B2AD-1F3E1D580629}
		{A75EC76C-9ABF-4890-B82B-D8A048E6B7C5} = {A61C94BE-8062-48DE-A2BA-E314B4C9E7C4}
		{EF4A17A1-123E-4FC4-A75E-35ABBC39DB21} = {EA53B2C1-DA5F-46EC-B4AC-4B4D63AE84E5}
		{0896BC38-DF38-4E39-ADF9-DB1F9910BFE6} = {A9B14F0F-0651-4B4E-8A2F-E26D95018D98}
		{0ED5466D-2A8F-4E37-8D4A-C2F2760BD687} = {A9B14F0F-0651-4B4E-8A2F-E26D95018D98}
		{026EFA70-BD6D-46C8-BD94-D7FCD42B9692} = {A9B14F0F-0651-4B4E-8A2F-E26D95018D98}
		{9F15CCA3-EC01-46B6-91EC-3F408E7417BC} = {716C9494-D29A-4CB7-AC2A-D6303127A795}
		{7A5187D4-41B3-4077-A7DB-D1B3668E071C} = {716C9494-D29A-4CB7-AC2A-D6303127A795}
		{31925FCA-E0F6-428D-9A7D-59CA8879D6F8} = {A9B14F0F-0651-4B4E-8A2F-E26D95018D98}
		{2901B555-2F1A-4B5A-BE9D-1D50844E0F2A} = {716C9494-D29A-4CB7-AC2A-D6303127A795}
		{02CFB056-37CE-40F2-8790-0D47BC6D2B59} = {C1002FDC-28A0-4D38-B2AD-1F3E1D580629}
		{7214EE4F-5B17-42A6-9387-0B0BE979E08D} = {EA53B2C1-DA5F-46EC-B4AC-4B4D63AE84E5}
	EndGlobalSection
EndGlobal
