
Microsoft Visual Studio Solution File, Format Version 12.00
# Visual Studio 14
VisualStudioVersion = 14.0.25420.1
MinimumVisualStudioVersion = 10.0.40219.1
Project("{FAE04EC0-301F-11D3-BF4B-00C04F79EFBC}") = "Application", "Application\Application.csproj", "{54A72B39-94FD-4B0D-BAAD-891E3789F31F}"
EndProject
Project("{FAE04EC0-301F-11D3-BF4B-00C04F79EFBC}") = "Dominio", "Dominio\Dominio.csproj", "{777D8E88-0D52-446A-BC77-2F50A7D936E5}"
EndProject
Project("{FAE04EC0-301F-11D3-BF4B-00C04F79EFBC}") = "Data", "Data\Data.csproj", "{A75EC76C-9ABF-4890-B82B-D8A048E6B7C5}"
EndProject
Project("{FAE04EC0-301F-11D3-BF4B-00C04F79EFBC}") = "SgqSystem", "SgqSystem\SgqSystem.csproj", "{EF4A17A1-123E-4FC4-A75E-35ABBC39DB21}"
EndProject
Project("{FAE04EC0-301F-11D3-BF4B-00C04F79EFBC}") = "SgqSystem.Tests", "SgqSystem.Tests\SgqSystem.Tests.csproj", "{7214EE4F-5B17-42A6-9387-0B0BE979E08D}"
EndProject
Project("{FAE04EC0-301F-11D3-BF4B-00C04F79EFBC}") = "CrossCutting", "CrossCutting\CrossCutting.csproj", "{0896BC38-DF38-4E39-ADF9-DB1F9910BFE6}"
EndProject
Project("{FAE04EC0-301F-11D3-BF4B-00C04F79EFBC}") = "DTO", "DTO\DTO.csproj", "{0ED5466D-2A8F-4E37-8D4A-C2F2760BD687}"
EndProject
Project("{2150E333-8FDC-42A3-9474-1A3956D46DE8}") = "0 - Presentation", "0 - Presentation", "{EA53B2C1-DA5F-46EC-B4AC-4B4D63AE84E5}"
EndProject
Project("{2150E333-8FDC-42A3-9474-1A3956D46DE8}") = "1 - Application", "1 - Application", "{F6278CBD-A0ED-4A96-9E76-8886F244FA18}"
EndProject
Project("{2150E333-8FDC-42A3-9474-1A3956D46DE8}") = "2 - Infra", "2 - Infra", "{A9B14F0F-0651-4B4E-8A2F-E26D95018D98}"
EndProject
Project("{2150E333-8FDC-42A3-9474-1A3956D46DE8}") = "3 - Domain", "3 - Domain", "{C1002FDC-28A0-4D38-B2AD-1F3E1D580629}"
EndProject
Project("{2150E333-8FDC-42A3-9474-1A3956D46DE8}") = "4 - Data", "4 - Data", "{A61C94BE-8062-48DE-A2BA-E314B4C9E7C4}"
EndProject
Project("{FAE04EC0-301F-11D3-BF4B-00C04F79EFBC}") = "Helper", "Helper\Helper.csproj", "{026EFA70-BD6D-46C8-BD94-D7FCD42B9692}"
EndProject
Global
	GlobalSection(SolutionConfigurationPlatforms) = preSolution
		Debug|Any CPU = Debug|Any CPU
		Release|Any CPU = Release|Any CPU
	EndGlobalSection
	GlobalSection(ProjectConfigurationPlatforms) = postSolution
		{54A72B39-94FD-4B0D-BAAD-891E3789F31F}.Debug|Any CPU.ActiveCfg = Debug|Any CPU
		{54A72B39-94FD-4B0D-BAAD-891E3789F31F}.Debug|Any CPU.Build.0 = Debug|Any CPU
		{54A72B39-94FD-4B0D-BAAD-891E3789F31F}.Release|Any CPU.ActiveCfg = Release|Any CPU
		{54A72B39-94FD-4B0D-BAAD-891E3789F31F}.Release|Any CPU.Build.0 = Release|Any CPU
		{777D8E88-0D52-446A-BC77-2F50A7D936E5}.Debug|Any CPU.ActiveCfg = Debug|Any CPU
		{777D8E88-0D52-446A-BC77-2F50A7D936E5}.Debug|Any CPU.Build.0 = Debug|Any CPU
		{777D8E88-0D52-446A-BC77-2F50A7D936E5}.Release|Any CPU.ActiveCfg = Release|Any CPU
		{777D8E88-0D52-446A-BC77-2F50A7D936E5}.Release|Any CPU.Build.0 = Release|Any CPU
		{A75EC76C-9ABF-4890-B82B-D8A048E6B7C5}.Debug|Any CPU.ActiveCfg = Debug|Any CPU
		{A75EC76C-9ABF-4890-B82B-D8A048E6B7C5}.Debug|Any CPU.Build.0 = Debug|Any CPU
		{A75EC76C-9ABF-4890-B82B-D8A048E6B7C5}.Release|Any CPU.ActiveCfg = Release|Any CPU
		{A75EC76C-9ABF-4890-B82B-D8A048E6B7C5}.Release|Any CPU.Build.0 = Release|Any CPU
		{EF4A17A1-123E-4FC4-A75E-35ABBC39DB21}.Debug|Any CPU.ActiveCfg = Debug|Any CPU
		{EF4A17A1-123E-4FC4-A75E-35ABBC39DB21}.Debug|Any CPU.Build.0 = Debug|Any CPU
		{EF4A17A1-123E-4FC4-A75E-35ABBC39DB21}.Release|Any CPU.ActiveCfg = Release|Any CPU
		{EF4A17A1-123E-4FC4-A75E-35ABBC39DB21}.Release|Any CPU.Build.0 = Release|Any CPU
		{7214EE4F-5B17-42A6-9387-0B0BE979E08D}.Debug|Any CPU.ActiveCfg = Debug|Any CPU
		{7214EE4F-5B17-42A6-9387-0B0BE979E08D}.Debug|Any CPU.Build.0 = Debug|Any CPU
		{7214EE4F-5B17-42A6-9387-0B0BE979E08D}.Release|Any CPU.ActiveCfg = Release|Any CPU
		{7214EE4F-5B17-42A6-9387-0B0BE979E08D}.Release|Any CPU.Build.0 = Release|Any CPU
		{0896BC38-DF38-4E39-ADF9-DB1F9910BFE6}.Debug|Any CPU.ActiveCfg = Debug|Any CPU
		{0896BC38-DF38-4E39-ADF9-DB1F9910BFE6}.Debug|Any CPU.Build.0 = Debug|Any CPU
		{0896BC38-DF38-4E39-ADF9-DB1F9910BFE6}.Release|Any CPU.ActiveCfg = Release|Any CPU
		{0896BC38-DF38-4E39-ADF9-DB1F9910BFE6}.Release|Any CPU.Build.0 = Release|Any CPU
		{0ED5466D-2A8F-4E37-8D4A-C2F2760BD687}.Debug|Any CPU.ActiveCfg = Debug|Any CPU
		{0ED5466D-2A8F-4E37-8D4A-C2F2760BD687}.Debug|Any CPU.Build.0 = Debug|Any CPU
		{0ED5466D-2A8F-4E37-8D4A-C2F2760BD687}.Release|Any CPU.ActiveCfg = Release|Any CPU
		{0ED5466D-2A8F-4E37-8D4A-C2F2760BD687}.Release|Any CPU.Build.0 = Release|Any CPU
		{026EFA70-BD6D-46C8-BD94-D7FCD42B9692}.Debug|Any CPU.ActiveCfg = Debug|Any CPU
		{026EFA70-BD6D-46C8-BD94-D7FCD42B9692}.Debug|Any CPU.Build.0 = Debug|Any CPU
		{026EFA70-BD6D-46C8-BD94-D7FCD42B9692}.Release|Any CPU.ActiveCfg = Release|Any CPU
		{026EFA70-BD6D-46C8-BD94-D7FCD42B9692}.Release|Any CPU.Build.0 = Release|Any CPU
	EndGlobalSection
	GlobalSection(SolutionProperties) = preSolution
		HideSolutionNode = FALSE
	EndGlobalSection
	GlobalSection(NestedProjects) = preSolution
		{54A72B39-94FD-4B0D-BAAD-891E3789F31F} = {F6278CBD-A0ED-4A96-9E76-8886F244FA18}
		{777D8E88-0D52-446A-BC77-2F50A7D936E5} = {C1002FDC-28A0-4D38-B2AD-1F3E1D580629}
		{A75EC76C-9ABF-4890-B82B-D8A048E6B7C5} = {A61C94BE-8062-48DE-A2BA-E314B4C9E7C4}
		{EF4A17A1-123E-4FC4-A75E-35ABBC39DB21} = {EA53B2C1-DA5F-46EC-B4AC-4B4D63AE84E5}
		{7214EE4F-5B17-42A6-9387-0B0BE979E08D} = {EA53B2C1-DA5F-46EC-B4AC-4B4D63AE84E5}
		{0896BC38-DF38-4E39-ADF9-DB1F9910BFE6} = {A9B14F0F-0651-4B4E-8A2F-E26D95018D98}
		{0ED5466D-2A8F-4E37-8D4A-C2F2760BD687} = {A9B14F0F-0651-4B4E-8A2F-E26D95018D98}
		{026EFA70-BD6D-46C8-BD94-D7FCD42B9692} = {A9B14F0F-0651-4B4E-8A2F-E26D95018D98}
	EndGlobalSection
EndGlobal
